PODS:
  - AGEmojiKeyboard (0.2.1)

DEPENDENCIES:
  - AGEmojiKeyboard (from `../AGEmojiKeyboard.podspec`)

EXTERNAL SOURCES:
  AGEmojiKeyboard:
    :path: "../AGEmojiKeyboard.podspec"

SPEC CHECKSUMS:
  AGEmojiKeyboard: d5a01a4b0de30e1f1c2a121503ac36a79c7217ab

PODFILE CHECKSUM: 1e848428fa79a50a1ec19ef1b46015c1b01db969

COCOAPODS: 1.2.0
