// !$*UTF8*$!
{
	archiveVersion = 1;
	classes = {
	};
	objectVersion = 46;
	objects = {

/* Begin PBXBuildFile section */
		2A3D5E94171EBE42005DC720 /* UIKit.framework in Frameworks */ = {isa = PBXBuildFile; fileRef = 2A3D5E93171EBE42005DC720 /* UIKit.framework */; };
		2A3D5E96171EBE42005DC720 /* Foundation.framework in Frameworks */ = {isa = PBXBuildFile; fileRef = 2A3D5E95171EBE42005DC720 /* Foundation.framework */; };
		2A3D5E98171EBE42005DC720 /* CoreGraphics.framework in Frameworks */ = {isa = PBXBuildFile; fileRef = 2A3D5E97171EBE42005DC720 /* CoreGraphics.framework */; };
		2A3D5E9E171EBE42005DC720 /* InfoPlist.strings in Resources */ = {isa = PBXBuildFile; fileRef = 2A3D5E9C171EBE42005DC720 /* InfoPlist.strings */; };
		2A3D5EA0171EBE42005DC720 /* main.m in Sources */ = {isa = PBXBuildFile; fileRef = 2A3D5E9F171EBE42005DC720 /* main.m */; };
		2A3D5EA4171EBE42005DC720 /* EmojiKeyBoardAppDelegate.m in Sources */ = {isa = PBXBuildFile; fileRef = 2A3D5EA3171EBE42005DC720 /* EmojiKeyBoardAppDelegate.m */; };
		2A3D5EA6171EBE42005DC720 /* Default.png in Resources */ = {isa = PBXBuildFile; fileRef = 2A3D5EA5171EBE42005DC720 /* Default.png */; };
		2A3D5EA8171EBE42005DC720 /* Default@2x.png in Resources */ = {isa = PBXBuildFile; fileRef = 2A3D5EA7171EBE42005DC720 /* Default@2x.png */; };
		2A3D5EAA171EBE42005DC720 /* Default-568h@2x.png in Resources */ = {isa = PBXBuildFile; fileRef = 2A3D5EA9171EBE42005DC720 /* Default-568h@2x.png */; };
		2A3D5EAD171EBE42005DC720 /* EmojiKeyBoardViewController.m in Sources */ = {isa = PBXBuildFile; fileRef = 2A3D5EAC171EBE42005DC720 /* EmojiKeyBoardViewController.m */; };
		2A515B13177F18B9009C90AC /* backspace_n.png in Resources */ = {isa = PBXBuildFile; fileRef = 2A515AEF177F18B9009C90AC /* backspace_n.png */; };
		2A515B14177F18B9009C90AC /* backspace_n@2x.png in Resources */ = {isa = PBXBuildFile; fileRef = 2A515AF0177F18B9009C90AC /* backspace_n@2x.png */; };
		2A515B15177F18B9009C90AC /* bell_n.png in Resources */ = {isa = PBXBuildFile; fileRef = 2A515AF1177F18B9009C90AC /* bell_n.png */; };
		2A515B16177F18B9009C90AC /* bell_n@2x.png in Resources */ = {isa = PBXBuildFile; fileRef = 2A515AF2177F18B9009C90AC /* bell_n@2x.png */; };
		2A515B17177F18B9009C90AC /* bell_s.png in Resources */ = {isa = PBXBuildFile; fileRef = 2A515AF3177F18B9009C90AC /* bell_s.png */; };
		2A515B18177F18B9009C90AC /* bell_s@2x.png in Resources */ = {isa = PBXBuildFile; fileRef = 2A515AF4177F18B9009C90AC /* bell_s@2x.png */; };
		2A515B19177F18B9009C90AC /* car_n.png in Resources */ = {isa = PBXBuildFile; fileRef = 2A515AF5177F18B9009C90AC /* car_n.png */; };
		2A515B1A177F18B9009C90AC /* car_n@2x.png in Resources */ = {isa = PBXBuildFile; fileRef = 2A515AF6177F18B9009C90AC /* car_n@2x.png */; };
		2A515B1B177F18B9009C90AC /* car_s.png in Resources */ = {isa = PBXBuildFile; fileRef = 2A515AF7177F18B9009C90AC /* car_s.png */; };
		2A515B1C177F18B9009C90AC /* car_s@2x.png in Resources */ = {isa = PBXBuildFile; fileRef = 2A515AF8177F18B9009C90AC /* car_s@2x.png */; };
		2A515B1D177F18B9009C90AC /* characters_n.png in Resources */ = {isa = PBXBuildFile; fileRef = 2A515AF9177F18B9009C90AC /* characters_n.png */; };
		2A515B1E177F18B9009C90AC /* characters_n@2x.png in Resources */ = {isa = PBXBuildFile; fileRef = 2A515AFA177F18B9009C90AC /* characters_n@2x.png */; };
		2A515B1F177F18B9009C90AC /* characters_s.png in Resources */ = {isa = PBXBuildFile; fileRef = 2A515AFB177F18B9009C90AC /* characters_s.png */; };
		2A515B20177F18B9009C90AC /* characters_s@2x.png in Resources */ = {isa = PBXBuildFile; fileRef = 2A515AFC177F18B9009C90AC /* characters_s@2x.png */; };
		2A515B21177F18B9009C90AC /* corner_left.png in Resources */ = {isa = PBXBuildFile; fileRef = 2A515AFD177F18B9009C90AC /* corner_left.png */; };
		2A515B22177F18B9009C90AC /* corner_left@2x.png in Resources */ = {isa = PBXBuildFile; fileRef = 2A515AFE177F18B9009C90AC /* corner_left@2x.png */; };
		2A515B23177F18B9009C90AC /* corner_right.png in Resources */ = {isa = PBXBuildFile; fileRef = 2A515AFF177F18B9009C90AC /* corner_right.png */; };
		2A515B24177F18B9009C90AC /* corner_right@2x.png in Resources */ = {isa = PBXBuildFile; fileRef = 2A515B00177F18B9009C90AC /* corner_right@2x.png */; };
		2A515B25177F18B9009C90AC /* face_n.png in Resources */ = {isa = PBXBuildFile; fileRef = 2A515B01177F18B9009C90AC /* face_n.png */; };
		2A515B26177F18B9009C90AC /* face_n@2x.png in Resources */ = {isa = PBXBuildFile; fileRef = 2A515B02177F18B9009C90AC /* face_n@2x.png */; };
		2A515B27177F18B9009C90AC /* face_s.png in Resources */ = {isa = PBXBuildFile; fileRef = 2A515B03177F18B9009C90AC /* face_s.png */; };
		2A515B28177F18B9009C90AC /* face_s@2x.png in Resources */ = {isa = PBXBuildFile; fileRef = 2A515B04177F18B9009C90AC /* face_s@2x.png */; };
		2A515B29177F18B9009C90AC /* flower_n.png in Resources */ = {isa = PBXBuildFile; fileRef = 2A515B05177F18B9009C90AC /* flower_n.png */; };
		2A515B2A177F18B9009C90AC /* flower_n@2x.png in Resources */ = {isa = PBXBuildFile; fileRef = 2A515B06177F18B9009C90AC /* flower_n@2x.png */; };
		2A515B2B177F18B9009C90AC /* flower_s.png in Resources */ = {isa = PBXBuildFile; fileRef = 2A515B07177F18B9009C90AC /* flower_s.png */; };
		2A515B2C177F18B9009C90AC /* flower_s@2x.png in Resources */ = {isa = PBXBuildFile; fileRef = 2A515B08177F18B9009C90AC /* flower_s@2x.png */; };
		2A515B2D177F18B9009C90AC /* icons_bg_separator.png in Resources */ = {isa = PBXBuildFile; fileRef = 2A515B09177F18B9009C90AC /* icons_bg_separator.png */; };
		2A515B2E177F18B9009C90AC /* icons_bg_separator@2x.png in Resources */ = {isa = PBXBuildFile; fileRef = 2A515B0A177F18B9009C90AC /* icons_bg_separator@2x.png */; };
		2A515B2F177F18B9009C90AC /* recent_n.png in Resources */ = {isa = PBXBuildFile; fileRef = 2A515B0B177F18B9009C90AC /* recent_n.png */; };
		2A515B30177F18B9009C90AC /* recent_n@2x.png in Resources */ = {isa = PBXBuildFile; fileRef = 2A515B0C177F18B9009C90AC /* recent_n@2x.png */; };
		2A515B31177F18B9009C90AC /* recent_s.png in Resources */ = {isa = PBXBuildFile; fileRef = 2A515B0D177F18B9009C90AC /* recent_s.png */; };
		2A515B32177F18B9009C90AC /* recent_s@2x.png in Resources */ = {isa = PBXBuildFile; fileRef = 2A515B0E177F18B9009C90AC /* recent_s@2x.png */; };
		2A515B33177F18B9009C90AC /* tab_bg.png in Resources */ = {isa = PBXBuildFile; fileRef = 2A515B0F177F18B9009C90AC /* tab_bg.png */; };
		2A515B34177F18B9009C90AC /* tab_bg@2x.png in Resources */ = {isa = PBXBuildFile; fileRef = 2A515B10177F18B9009C90AC /* tab_bg@2x.png */; };
		2A515B35177F18B9009C90AC /* unselected_center_bg.png in Resources */ = {isa = PBXBuildFile; fileRef = 2A515B11177F18B9009C90AC /* unselected_center_bg.png */; };
		2A515B36177F18B9009C90AC /* unselected_center_bg@2x.png in Resources */ = {isa = PBXBuildFile; fileRef = 2A515B12177F18B9009C90AC /* unselected_center_bg@2x.png */; };
		2A515B39177F191A009C90AC /* DDPageControl.m in Sources */ = {isa = PBXBuildFile; fileRef = 2A515B38177F191A009C90AC /* DDPageControl.m */; };
		2A6EABAF173CDDA6000BCD9B /* EmojisList.plist in Resources */ = {isa = PBXBuildFile; fileRef = 2A6EABAE173CDDA6000BCD9B /* EmojisList.plist */; };
		2AA48D1217882C5E00B7F11B /* EmojiKeyBoardView.m in Sources */ = {isa = PBXBuildFile; fileRef = 2AA48D1017882C5E00B7F11B /* EmojiKeyBoardView.m */; };
		2AA48D1317882C5E00B7F11B /* EmojiPageView.m in Sources */ = {isa = PBXBuildFile; fileRef = 2AA48D1117882C5E00B7F11B /* EmojiPageView.m */; };
/* End PBXBuildFile section */

/* Begin PBXFileReference section */
		2A3D5E90171EBE42005DC720 /* EmojiKeyBoard.app */ = {isa = PBXFileReference; explicitFileType = wrapper.application; includeInIndex = 0; path = EmojiKeyBoard.app; sourceTree = BUILT_PRODUCTS_DIR; };
		2A3D5E93171EBE42005DC720 /* UIKit.framework */ = {isa = PBXFileReference; lastKnownFileType = wrapper.framework; name = UIKit.framework; path = System/Library/Frameworks/UIKit.framework; sourceTree = SDKROOT; };
		2A3D5E95171EBE42005DC720 /* Foundation.framework */ = {isa = PBXFileReference; lastKnownFileType = wrapper.framework; name = Foundation.framework; path = System/Library/Frameworks/Foundation.framework; sourceTree = SDKROOT; };
		2A3D5E97171EBE42005DC720 /* CoreGraphics.framework */ = {isa = PBXFileReference; lastKnownFileType = wrapper.framework; name = CoreGraphics.framework; path = System/Library/Frameworks/CoreGraphics.framework; sourceTree = SDKROOT; };
		2A3D5E9B171EBE42005DC720 /* EmojiKeyBoard-Info.plist */ = {isa = PBXFileReference; lastKnownFileType = text.plist.xml; path = "EmojiKeyBoard-Info.plist"; sourceTree = "<group>"; };
		2A3D5E9D171EBE42005DC720 /* en */ = {isa = PBXFileReference; lastKnownFileType = text.plist.strings; name = en; path = en.lproj/InfoPlist.strings; sourceTree = "<group>"; };
		2A3D5E9F171EBE42005DC720 /* main.m */ = {isa = PBXFileReference; lastKnownFileType = sourcecode.c.objc; path = main.m; sourceTree = "<group>"; };
		2A3D5EA1171EBE42005DC720 /* EmojiKeyBoard-Prefix.pch */ = {isa = PBXFileReference; lastKnownFileType = sourcecode.c.h; path = "EmojiKeyBoard-Prefix.pch"; sourceTree = "<group>"; };
		2A3D5EA2171EBE42005DC720 /* EmojiKeyBoardAppDelegate.h */ = {isa = PBXFileReference; lastKnownFileType = sourcecode.c.h; path = EmojiKeyBoardAppDelegate.h; sourceTree = "<group>"; };
		2A3D5EA3171EBE42005DC720 /* EmojiKeyBoardAppDelegate.m */ = {isa = PBXFileReference; lastKnownFileType = sourcecode.c.objc; path = EmojiKeyBoardAppDelegate.m; sourceTree = "<group>"; };
		2A3D5EA5171EBE42005DC720 /* Default.png */ = {isa = PBXFileReference; lastKnownFileType = image.png; path = Default.png; sourceTree = "<group>"; };
		2A3D5EA7171EBE42005DC720 /* Default@2x.png */ = {isa = PBXFileReference; lastKnownFileType = image.png; path = "Default@2x.png"; sourceTree = "<group>"; };
		2A3D5EA9171EBE42005DC720 /* Default-568h@2x.png */ = {isa = PBXFileReference; lastKnownFileType = image.png; path = "Default-568h@2x.png"; sourceTree = "<group>"; };
		2A3D5EAB171EBE42005DC720 /* EmojiKeyBoardViewController.h */ = {isa = PBXFileReference; lastKnownFileType = sourcecode.c.h; path = EmojiKeyBoardViewController.h; sourceTree = "<group>"; };
		2A3D5EAC171EBE42005DC720 /* EmojiKeyBoardViewController.m */ = {isa = PBXFileReference; lastKnownFileType = sourcecode.c.objc; path = EmojiKeyBoardViewController.m; sourceTree = "<group>"; };
		2A515AEF177F18B9009C90AC /* backspace_n.png */ = {isa = PBXFileReference; lastKnownFileType = image.png; name = backspace_n.png; path = Resources/Images/backspace_n.png; sourceTree = "<group>"; };
		2A515AF0177F18B9009C90AC /* backspace_n@2x.png */ = {isa = PBXFileReference; lastKnownFileType = image.png; name = "backspace_n@2x.png"; path = "Resources/Images/backspace_n@2x.png"; sourceTree = "<group>"; };
		2A515AF1177F18B9009C90AC /* bell_n.png */ = {isa = PBXFileReference; lastKnownFileType = image.png; name = bell_n.png; path = Resources/Images/bell_n.png; sourceTree = "<group>"; };
		2A515AF2177F18B9009C90AC /* bell_n@2x.png */ = {isa = PBXFileReference; lastKnownFileType = image.png; name = "bell_n@2x.png"; path = "Resources/Images/bell_n@2x.png"; sourceTree = "<group>"; };
		2A515AF3177F18B9009C90AC /* bell_s.png */ = {isa = PBXFileReference; lastKnownFileType = image.png; name = bell_s.png; path = Resources/Images/bell_s.png; sourceTree = "<group>"; };
		2A515AF4177F18B9009C90AC /* bell_s@2x.png */ = {isa = PBXFileReference; lastKnownFileType = image.png; name = "bell_s@2x.png"; path = "Resources/Images/bell_s@2x.png"; sourceTree = "<group>"; };
		2A515AF5177F18B9009C90AC /* car_n.png */ = {isa = PBXFileReference; lastKnownFileType = image.png; name = car_n.png; path = Resources/Images/car_n.png; sourceTree = "<group>"; };
		2A515AF6177F18B9009C90AC /* car_n@2x.png */ = {isa = PBXFileReference; lastKnownFileType = image.png; name = "car_n@2x.png"; path = "Resources/Images/car_n@2x.png"; sourceTree = "<group>"; };
		2A515AF7177F18B9009C90AC /* car_s.png */ = {isa = PBXFileReference; lastKnownFileType = image.png; name = car_s.png; path = Resources/Images/car_s.png; sourceTree = "<group>"; };
		2A515AF8177F18B9009C90AC /* car_s@2x.png */ = {isa = PBXFileReference; lastKnownFileType = image.png; name = "car_s@2x.png"; path = "Resources/Images/car_s@2x.png"; sourceTree = "<group>"; };
		2A515AF9177F18B9009C90AC /* characters_n.png */ = {isa = PBXFileReference; lastKnownFileType = image.png; name = characters_n.png; path = Resources/Images/characters_n.png; sourceTree = "<group>"; };
		2A515AFA177F18B9009C90AC /* characters_n@2x.png */ = {isa = PBXFileReference; lastKnownFileType = image.png; name = "characters_n@2x.png"; path = "Resources/Images/characters_n@2x.png"; sourceTree = "<group>"; };
		2A515AFB177F18B9009C90AC /* characters_s.png */ = {isa = PBXFileReference; lastKnownFileType = image.png; name = characters_s.png; path = Resources/Images/characters_s.png; sourceTree = "<group>"; };
		2A515AFC177F18B9009C90AC /* characters_s@2x.png */ = {isa = PBXFileReference; lastKnownFileType = image.png; name = "characters_s@2x.png"; path = "Resources/Images/characters_s@2x.png"; sourceTree = "<group>"; };
		2A515AFD177F18B9009C90AC /* corner_left.png */ = {isa = PBXFileReference; lastKnownFileType = image.png; name = corner_left.png; path = Resources/Images/corner_left.png; sourceTree = "<group>"; };
		2A515AFE177F18B9009C90AC /* corner_left@2x.png */ = {isa = PBXFileReference; lastKnownFileType = image.png; name = "corner_left@2x.png"; path = "Resources/Images/corner_left@2x.png"; sourceTree = "<group>"; };
		2A515AFF177F18B9009C90AC /* corner_right.png */ = {isa = PBXFileReference; lastKnownFileType = image.png; name = corner_right.png; path = Resources/Images/corner_right.png; sourceTree = "<group>"; };
		2A515B00177F18B9009C90AC /* corner_right@2x.png */ = {isa = PBXFileReference; lastKnownFileType = image.png; name = "corner_right@2x.png"; path = "Resources/Images/corner_right@2x.png"; sourceTree = "<group>"; };
		2A515B01177F18B9009C90AC /* face_n.png */ = {isa = PBXFileReference; lastKnownFileType = image.png; name = face_n.png; path = Resources/Images/face_n.png; sourceTree = "<group>"; };
		2A515B02177F18B9009C90AC /* face_n@2x.png */ = {isa = PBXFileReference; lastKnownFileType = image.png; name = "face_n@2x.png"; path = "Resources/Images/face_n@2x.png"; sourceTree = "<group>"; };
		2A515B03177F18B9009C90AC /* face_s.png */ = {isa = PBXFileReference; lastKnownFileType = image.png; name = face_s.png; path = Resources/Images/face_s.png; sourceTree = "<group>"; };
		2A515B04177F18B9009C90AC /* face_s@2x.png */ = {isa = PBXFileReference; lastKnownFileType = image.png; name = "face_s@2x.png"; path = "Resources/Images/face_s@2x.png"; sourceTree = "<group>"; };
		2A515B05177F18B9009C90AC /* flower_n.png */ = {isa = PBXFileReference; lastKnownFileType = image.png; name = flower_n.png; path = Resources/Images/flower_n.png; sourceTree = "<group>"; };
		2A515B06177F18B9009C90AC /* flower_n@2x.png */ = {isa = PBXFileReference; lastKnownFileType = image.png; name = "flower_n@2x.png"; path = "Resources/Images/flower_n@2x.png"; sourceTree = "<group>"; };
		2A515B07177F18B9009C90AC /* flower_s.png */ = {isa = PBXFileReference; lastKnownFileType = image.png; name = flower_s.png; path = Resources/Images/flower_s.png; sourceTree = "<group>"; };
		2A515B08177F18B9009C90AC /* flower_s@2x.png */ = {isa = PBXFileReference; lastKnownFileType = image.png; name = "flower_s@2x.png"; path = "Resources/Images/flower_s@2x.png"; sourceTree = "<group>"; };
		2A515B09177F18B9009C90AC /* icons_bg_separator.png */ = {isa = PBXFileReference; lastKnownFileType = image.png; name = icons_bg_separator.png; path = Resources/Images/icons_bg_separator.png; sourceTree = "<group>"; };
		2A515B0A177F18B9009C90AC /* icons_bg_separator@2x.png */ = {isa = PBXFileReference; lastKnownFileType = image.png; name = "icons_bg_separator@2x.png"; path = "Resources/Images/icons_bg_separator@2x.png"; sourceTree = "<group>"; };
		2A515B0B177F18B9009C90AC /* recent_n.png */ = {isa = PBXFileReference; lastKnownFileType = image.png; name = recent_n.png; path = Resources/Images/recent_n.png; sourceTree = "<group>"; };
		2A515B0C177F18B9009C90AC /* recent_n@2x.png */ = {isa = PBXFileReference; lastKnownFileType = image.png; name = "recent_n@2x.png"; path = "Resources/Images/recent_n@2x.png"; sourceTree = "<group>"; };
		2A515B0D177F18B9009C90AC /* recent_s.png */ = {isa = PBXFileReference; lastKnownFileType = image.png; name = recent_s.png; path = Resources/Images/recent_s.png; sourceTree = "<group>"; };
		2A515B0E177F18B9009C90AC /* recent_s@2x.png */ = {isa = PBXFileReference; lastKnownFileType = image.png; name = "recent_s@2x.png"; path = "Resources/Images/recent_s@2x.png"; sourceTree = "<group>"; };
		2A515B0F177F18B9009C90AC /* tab_bg.png */ = {isa = PBXFileReference; lastKnownFileType = image.png; name = tab_bg.png; path = Resources/Images/tab_bg.png; sourceTree = "<group>"; };
		2A515B10177F18B9009C90AC /* tab_bg@2x.png */ = {isa = PBXFileReference; lastKnownFileType = image.png; name = "tab_bg@2x.png"; path = "Resources/Images/tab_bg@2x.png"; sourceTree = "<group>"; };
		2A515B11177F18B9009C90AC /* unselected_center_bg.png */ = {isa = PBXFileReference; lastKnownFileType = image.png; name = unselected_center_bg.png; path = Resources/Images/unselected_center_bg.png; sourceTree = "<group>"; };
		2A515B12177F18B9009C90AC /* unselected_center_bg@2x.png */ = {isa = PBXFileReference; lastKnownFileType = image.png; name = "unselected_center_bg@2x.png"; path = "Resources/Images/unselected_center_bg@2x.png"; sourceTree = "<group>"; };
		2A515B37177F191A009C90AC /* DDPageControl.h */ = {isa = PBXFileReference; fileEncoding = 4; lastKnownFileType = sourcecode.c.h; name = DDPageControl.h; path = Resources/lib/DDPageControl.h; sourceTree = "<group>"; };
		2A515B38177F191A009C90AC /* DDPageControl.m */ = {isa = PBXFileReference; fileEncoding = 4; lastKnownFileType = sourcecode.c.objc; name = DDPageControl.m; path = Resources/lib/DDPageControl.m; sourceTree = "<group>"; };
		2A6EABAE173CDDA6000BCD9B /* EmojisList.plist */ = {isa = PBXFileReference; fileEncoding = 4; lastKnownFileType = text.plist.xml; path = EmojisList.plist; sourceTree = "<group>"; };
		2AA48D0E17882C5E00B7F11B /* EmojiKeyBoardView.h */ = {isa = PBXFileReference; fileEncoding = 4; lastKnownFileType = sourcecode.c.h; name = EmojiKeyBoardView.h; path = ../../EmojiKeyBoardView.h; sourceTree = "<group>"; };
		2AA48D0F17882C5E00B7F11B /* EmojiPageView.h */ = {isa = PBXFileReference; fileEncoding = 4; lastKnownFileType = sourcecode.c.h; name = EmojiPageView.h; path = ../../EmojiPageView.h; sourceTree = "<group>"; };
		2AA48D1017882C5E00B7F11B /* EmojiKeyBoardView.m */ = {isa = PBXFileReference; fileEncoding = 4; lastKnownFileType = sourcecode.c.objc; name = EmojiKeyBoardView.m; path = ../../EmojiKeyBoardView.m; sourceTree = "<group>"; };
		2AA48D1117882C5E00B7F11B /* EmojiPageView.m */ = {isa = PBXFileReference; fileEncoding = 4; lastKnownFileType = sourcecode.c.objc; name = EmojiPageView.m; path = ../../EmojiPageView.m; sourceTree = "<group>"; };
/* End PBXFileReference section */

/* Begin PBXFrameworksBuildPhase section */
		2A3D5E8D171EBE42005DC720 /* Frameworks */ = {
			isa = PBXFrameworksBuildPhase;
			buildActionMask = 2147483647;
			files = (
				2A3D5E94171EBE42005DC720 /* UIKit.framework in Frameworks */,
				2A3D5E96171EBE42005DC720 /* Foundation.framework in Frameworks */,
				2A3D5E98171EBE42005DC720 /* CoreGraphics.framework in Frameworks */,
			);
			runOnlyForDeploymentPostprocessing = 0;
		};
/* End PBXFrameworksBuildPhase section */

/* Begin PBXGroup section */
		2A3D5E87171EBE42005DC720 = {
			isa = PBXGroup;
			children = (
				2A3D5E99171EBE42005DC720 /* EmojiKeyBoard */,
				2A3D5E92171EBE42005DC720 /* Frameworks */,
				2A3D5E91171EBE42005DC720 /* Products */,
			);
			sourceTree = "<group>";
		};
		2A3D5E91171EBE42005DC720 /* Products */ = {
			isa = PBXGroup;
			children = (
				2A3D5E90171EBE42005DC720 /* EmojiKeyBoard.app */,
			);
			name = Products;
			sourceTree = "<group>";
		};
		2A3D5E92171EBE42005DC720 /* Frameworks */ = {
			isa = PBXGroup;
			children = (
				2A3D5E93171EBE42005DC720 /* UIKit.framework */,
				2A3D5E95171EBE42005DC720 /* Foundation.framework */,
				2A3D5E97171EBE42005DC720 /* CoreGraphics.framework */,
			);
			name = Frameworks;
			sourceTree = "<group>";
		};
		2A3D5E99171EBE42005DC720 /* EmojiKeyBoard */ = {
			isa = PBXGroup;
			children = (
				2A3D5EA2171EBE42005DC720 /* EmojiKeyBoardAppDelegate.h */,
				2A3D5EA3171EBE42005DC720 /* EmojiKeyBoardAppDelegate.m */,
				2A3D5EAB171EBE42005DC720 /* EmojiKeyBoardViewController.h */,
				2A3D5EAC171EBE42005DC720 /* EmojiKeyBoardViewController.m */,
				2AA48D0E17882C5E00B7F11B /* EmojiKeyBoardView.h */,
				2AA48D1017882C5E00B7F11B /* EmojiKeyBoardView.m */,
				2AA48D0F17882C5E00B7F11B /* EmojiPageView.h */,
				2AA48D1117882C5E00B7F11B /* EmojiPageView.m */,
				2A3D5E9A171EBE42005DC720 /* Supporting Files */,
				2A515AEB177F17CB009C90AC /* Resources */,
			);
			path = EmojiKeyBoard;
			sourceTree = "<group>";
		};
		2A3D5E9A171EBE42005DC720 /* Supporting Files */ = {
			isa = PBXGroup;
			children = (
				2A6EABAE173CDDA6000BCD9B /* EmojisList.plist */,
				2A3D5E9B171EBE42005DC720 /* EmojiKeyBoard-Info.plist */,
				2A3D5E9C171EBE42005DC720 /* InfoPlist.strings */,
				2A3D5E9F171EBE42005DC720 /* main.m */,
				2A3D5EA1171EBE42005DC720 /* EmojiKeyBoard-Prefix.pch */,
				2A3D5EA5171EBE42005DC720 /* Default.png */,
				2A3D5EA7171EBE42005DC720 /* Default@2x.png */,
				2A3D5EA9171EBE42005DC720 /* Default-568h@2x.png */,
			);
			name = "Supporting Files";
			sourceTree = "<group>";
		};
		2A515AEB177F17CB009C90AC /* Resources */ = {
			isa = PBXGroup;
			children = (
				2A515B3A177F192A009C90AC /* lib */,
				2A515AEC177F17E9009C90AC /* Images */,
			);
			name = Resources;
			sourceTree = "<group>";
		};
		2A515AEC177F17E9009C90AC /* Images */ = {
			isa = PBXGroup;
			children = (
				2A515AEF177F18B9009C90AC /* backspace_n.png */,
				2A515AF0177F18B9009C90AC /* backspace_n@2x.png */,
				2A515AF1177F18B9009C90AC /* bell_n.png */,
				2A515AF2177F18B9009C90AC /* bell_n@2x.png */,
				2A515AF3177F18B9009C90AC /* bell_s.png */,
				2A515AF4177F18B9009C90AC /* bell_s@2x.png */,
				2A515AF5177F18B9009C90AC /* car_n.png */,
				2A515AF6177F18B9009C90AC /* car_n@2x.png */,
				2A515AF7177F18B9009C90AC /* car_s.png */,
				2A515AF8177F18B9009C90AC /* car_s@2x.png */,
				2A515AF9177F18B9009C90AC /* characters_n.png */,
				2A515AFA177F18B9009C90AC /* characters_n@2x.png */,
				2A515AFB177F18B9009C90AC /* characters_s.png */,
				2A515AFC177F18B9009C90AC /* characters_s@2x.png */,
				2A515AFD177F18B9009C90AC /* corner_left.png */,
				2A515AFE177F18B9009C90AC /* corner_left@2x.png */,
				2A515AFF177F18B9009C90AC /* corner_right.png */,
				2A515B00177F18B9009C90AC /* corner_right@2x.png */,
				2A515B01177F18B9009C90AC /* face_n.png */,
				2A515B02177F18B9009C90AC /* face_n@2x.png */,
				2A515B03177F18B9009C90AC /* face_s.png */,
				2A515B04177F18B9009C90AC /* face_s@2x.png */,
				2A515B05177F18B9009C90AC /* flower_n.png */,
				2A515B06177F18B9009C90AC /* flower_n@2x.png */,
				2A515B07177F18B9009C90AC /* flower_s.png */,
				2A515B08177F18B9009C90AC /* flower_s@2x.png */,
				2A515B09177F18B9009C90AC /* icons_bg_separator.png */,
				2A515B0A177F18B9009C90AC /* icons_bg_separator@2x.png */,
				2A515B0B177F18B9009C90AC /* recent_n.png */,
				2A515B0C177F18B9009C90AC /* recent_n@2x.png */,
				2A515B0D177F18B9009C90AC /* recent_s.png */,
				2A515B0E177F18B9009C90AC /* recent_s@2x.png */,
				2A515B0F177F18B9009C90AC /* tab_bg.png */,
				2A515B10177F18B9009C90AC /* tab_bg@2x.png */,
				2A515B11177F18B9009C90AC /* unselected_center_bg.png */,
				2A515B12177F18B9009C90AC /* unselected_center_bg@2x.png */,
			);
			name = Images;
			sourceTree = "<group>";
		};
		2A515B3A177F192A009C90AC /* lib */ = {
			isa = PBXGroup;
			children = (
				2A515B37177F191A009C90AC /* DDPageControl.h */,
				2A515B38177F191A009C90AC /* DDPageControl.m */,
			);
			name = lib;
			sourceTree = "<group>";
		};
/* End PBXGroup section */

/* Begin PBXNativeTarget section */
		2A3D5E8F171EBE42005DC720 /* EmojiKeyBoard */ = {
			isa = PBXNativeTarget;
			buildConfigurationList = 2A3D5EB3171EBE42005DC720 /* Build configuration list for PBXNativeTarget "EmojiKeyBoard" */;
			buildPhases = (
				2A3D5E8C171EBE42005DC720 /* Sources */,
				2A3D5E8D171EBE42005DC720 /* Frameworks */,
				2A3D5E8E171EBE42005DC720 /* Resources */,
			);
			buildRules = (
			);
			dependencies = (
			);
			name = EmojiKeyBoard;
			productName = EmojiKeyBoard;
			productReference = 2A3D5E90171EBE42005DC720 /* EmojiKeyBoard.app */;
			productType = "com.apple.product-type.application";
		};
/* End PBXNativeTarget section */

/* Begin PBXProject section */
		2A3D5E88171EBE42005DC720 /* Project object */ = {
			isa = PBXProject;
			attributes = {
				CLASSPREFIX = EmojiKeyBoard;
				LastUpgradeCheck = 0460;
				ORGANIZATIONNAME = Ayush;
			};
			buildConfigurationList = 2A3D5E8B171EBE42005DC720 /* Build configuration list for PBXProject "EmojiKeyBoard" */;
			compatibilityVersion = "Xcode 3.2";
			developmentRegion = English;
			hasScannedForEncodings = 0;
			knownRegions = (
				en,
			);
			mainGroup = 2A3D5E87171EBE42005DC720;
			productRefGroup = 2A3D5E91171EBE42005DC720 /* Products */;
			projectDirPath = "";
			projectRoot = "";
			targets = (
				2A3D5E8F171EBE42005DC720 /* EmojiKeyBoard */,
			);
		};
/* End PBXProject section */

/* Begin PBXResourcesBuildPhase section */
		2A3D5E8E171EBE42005DC720 /* Resources */ = {
			isa = PBXResourcesBuildPhase;
			buildActionMask = 2147483647;
			files = (
				2A3D5E9E171EBE42005DC720 /* InfoPlist.strings in Resources */,
				2A3D5EA6171EBE42005DC720 /* Default.png in Resources */,
				2A3D5EA8171EBE42005DC720 /* Default@2x.png in Resources */,
				2A3D5EAA171EBE42005DC720 /* Default-568h@2x.png in Resources */,
				2A6EABAF173CDDA6000BCD9B /* EmojisList.plist in Resources */,
				2A515B13177F18B9009C90AC /* backspace_n.png in Resources */,
				2A515B14177F18B9009C90AC /* backspace_n@2x.png in Resources */,
				2A515B15177F18B9009C90AC /* bell_n.png in Resources */,
				2A515B16177F18B9009C90AC /* bell_n@2x.png in Resources */,
				2A515B17177F18B9009C90AC /* bell_s.png in Resources */,
				2A515B18177F18B9009C90AC /* bell_s@2x.png in Resources */,
				2A515B19177F18B9009C90AC /* car_n.png in Resources */,
				2A515B1A177F18B9009C90AC /* car_n@2x.png in Resources */,
				2A515B1B177F18B9009C90AC /* car_s.png in Resources */,
				2A515B1C177F18B9009C90AC /* car_s@2x.png in Resources */,
				2A515B1D177F18B9009C90AC /* characters_n.png in Resources */,
				2A515B1E177F18B9009C90AC /* characters_n@2x.png in Resources */,
				2A515B1F177F18B9009C90AC /* characters_s.png in Resources */,
				2A515B20177F18B9009C90AC /* characters_s@2x.png in Resources */,
				2A515B21177F18B9009C90AC /* corner_left.png in Resources */,
				2A515B22177F18B9009C90AC /* corner_left@2x.png in Resources */,
				2A515B23177F18B9009C90AC /* corner_right.png in Resources */,
				2A515B24177F18B9009C90AC /* corner_right@2x.png in Resources */,
				2A515B25177F18B9009C90AC /* face_n.png in Resources */,
				2A515B26177F18B9009C90AC /* face_n@2x.png in Resources */,
				2A515B27177F18B9009C90AC /* face_s.png in Resources */,
				2A515B28177F18B9009C90AC /* face_s@2x.png in Resources */,
				2A515B29177F18B9009C90AC /* flower_n.png in Resources */,
				2A515B2A177F18B9009C90AC /* flower_n@2x.png in Resources */,
				2A515B2B177F18B9009C90AC /* flower_s.png in Resources */,
				2A515B2C177F18B9009C90AC /* flower_s@2x.png in Resources */,
				2A515B2D177F18B9009C90AC /* icons_bg_separator.png in Resources */,
				2A515B2E177F18B9009C90AC /* icons_bg_separator@2x.png in Resources */,
				2A515B2F177F18B9009C90AC /* recent_n.png in Resources */,
				2A515B30177F18B9009C90AC /* recent_n@2x.png in Resources */,
				2A515B31177F18B9009C90AC /* recent_s.png in Resources */,
				2A515B32177F18B9009C90AC /* recent_s@2x.png in Resources */,
				2A515B33177F18B9009C90AC /* tab_bg.png in Resources */,
				2A515B34177F18B9009C90AC /* tab_bg@2x.png in Resources */,
				2A515B35177F18B9009C90AC /* unselected_center_bg.png in Resources */,
				2A515B36177F18B9009C90AC /* unselected_center_bg@2x.png in Resources */,
			);
			runOnlyForDeploymentPostprocessing = 0;
		};
/* End PBXResourcesBuildPhase section */

/* Begin PBXSourcesBuildPhase section */
		2A3D5E8C171EBE42005DC720 /* Sources */ = {
			isa = PBXSourcesBuildPhase;
			buildActionMask = 2147483647;
			files = (
				2A3D5EA0171EBE42005DC720 /* main.m in Sources */,
				2A3D5EA4171EBE42005DC720 /* EmojiKeyBoardAppDelegate.m in Sources */,
				2A3D5EAD171EBE42005DC720 /* EmojiKeyBoardViewController.m in Sources */,
				2A515B39177F191A009C90AC /* DDPageControl.m in Sources */,
				2AA48D1217882C5E00B7F11B /* EmojiKeyBoardView.m in Sources */,
				2AA48D1317882C5E00B7F11B /* EmojiPageView.m in Sources */,
			);
			runOnlyForDeploymentPostprocessing = 0;
		};
/* End PBXSourcesBuildPhase section */

/* Begin PBXVariantGroup section */
		2A3D5E9C171EBE42005DC720 /* InfoPlist.strings */ = {
			isa = PBXVariantGroup;
			children = (
				2A3D5E9D171EBE42005DC720 /* en */,
			);
			name = InfoPlist.strings;
			sourceTree = "<group>";
		};
/* End PBXVariantGroup section */

/* Begin XCBuildConfiguration section */
		2A3D5EB1171EBE42005DC720 /* Debug */ = {
			isa = XCBuildConfiguration;
			buildSettings = {
				ALWAYS_SEARCH_USER_PATHS = NO;
				CLANG_CXX_LANGUAGE_STANDARD = "gnu++0x";
				CLANG_CXX_LIBRARY = "libc++";
				CLANG_WARN_CONSTANT_CONVERSION = YES;
				CLANG_WARN_EMPTY_BODY = YES;
				CLANG_WARN_ENUM_CONVERSION = YES;
				CLANG_WARN_INT_CONVERSION = YES;
				CLANG_WARN__DUPLICATE_METHOD_MATCH = YES;
				"CODE_SIGN_IDENTITY[sdk=iphoneos*]" = "iPhone Developer";
				COPY_PHASE_STRIP = NO;
				GCC_C_LANGUAGE_STANDARD = gnu99;
				GCC_DYNAMIC_NO_PIC = NO;
				GCC_OPTIMIZATION_LEVEL = 0;
				GCC_PREPROCESSOR_DEFINITIONS = (
					"DEBUG=1",
					"$(inherited)",
				);
				GCC_SYMBOLS_PRIVATE_EXTERN = NO;
				GCC_WARN_ABOUT_RETURN_TYPE = YES;
				GCC_WARN_UNINITIALIZED_AUTOS = YES;
				GCC_WARN_UNUSED_VARIABLE = YES;
				IPHONEOS_DEPLOYMENT_TARGET = 6.1;
				ONLY_ACTIVE_ARCH = YES;
				SDKROOT = iphoneos;
			};
			name = Debug;
		};
		2A3D5EB2171EBE42005DC720 /* Release */ = {
			isa = XCBuildConfiguration;
			buildSettings = {
				ALWAYS_SEARCH_USER_PATHS = NO;
				CLANG_CXX_LANGUAGE_STANDARD = "gnu++0x";
				CLANG_CXX_LIBRARY = "libc++";
				CLANG_WARN_CONSTANT_CONVERSION = YES;
				CLANG_WARN_EMPTY_BODY = YES;
				CLANG_WARN_ENUM_CONVERSION = YES;
				CLANG_WARN_INT_CONVERSION = YES;
				CLANG_WARN__DUPLICATE_METHOD_MATCH = YES;
				"CODE_SIGN_IDENTITY[sdk=iphoneos*]" = "iPhone Developer";
				COPY_PHASE_STRIP = YES;
				GCC_C_LANGUAGE_STANDARD = gnu99;
				GCC_WARN_ABOUT_RETURN_TYPE = YES;
				GCC_WARN_UNINITIALIZED_AUTOS = YES;
				GCC_WARN_UNUSED_VARIABLE = YES;
				IPHONEOS_DEPLOYMENT_TARGET = 6.1;
				OTHER_CFLAGS = "-DNS_BLOCK_ASSERTIONS=1";
				SDKROOT = iphoneos;
				VALIDATE_PRODUCT = YES;
			};
			name = Release;
		};
		2A3D5EB4171EBE42005DC720 /* Debug */ = {
			isa = XCBuildConfiguration;
			buildSettings = {
				GCC_PRECOMPILE_PREFIX_HEADER = YES;
				GCC_PREFIX_HEADER = "EmojiKeyBoard/EmojiKeyBoard-Prefix.pch";
				INFOPLIST_FILE = "EmojiKeyBoard/EmojiKeyBoard-Info.plist";
				IPHONEOS_DEPLOYMENT_TARGET = 5.0;
				PRODUCT_NAME = "$(TARGET_NAME)";
				WRAPPER_EXTENSION = app;
			};
			name = Debug;
		};
		2A3D5EB5171EBE42005DC720 /* Release */ = {
			isa = XCBuildConfiguration;
			buildSettings = {
				GCC_PRECOMPILE_PREFIX_HEADER = YES;
				GCC_PREFIX_HEADER = "EmojiKeyBoard/EmojiKeyBoard-Prefix.pch";
				INFOPLIST_FILE = "EmojiKeyBoard/EmojiKeyBoard-Info.plist";
				IPHONEOS_DEPLOYMENT_TARGET = 5.0;
				PRODUCT_NAME = "$(TARGET_NAME)";
				WRAPPER_EXTENSION = app;
			};
			name = Release;
		};
/* End XCBuildConfiguration section */

/* Begin XCConfigurationList section */
		2A3D5E8B171EBE42005DC720 /* Build configuration list for PBXProject "EmojiKeyBoard" */ = {
			isa = XCConfigurationList;
			buildConfigurations = (
				2A3D5EB1171EBE42005DC720 /* Debug */,
				2A3D5EB2171EBE42005DC720 /* Release */,
			);
			defaultConfigurationIsVisible = 0;
			defaultConfigurationName = Release;
		};
		2A3D5EB3171EBE42005DC720 /* Build configuration list for PBXNativeTarget "EmojiKeyBoard" */ = {
			isa = XCConfigurationList;
			buildConfigurations = (
				2A3D5EB4171EBE42005DC720 /* Debug */,
				2A3D5EB5171EBE42005DC720 /* Release */,
			);
			defaultConfigurationIsVisible = 0;
			defaultConfigurationName = Release;
		};
/* End XCConfigurationList section */
	};
	rootObject = 2A3D5E88171EBE42005DC720 /* Project object */;
}
