// !$*UTF8*$!
{
	archiveVersion = 1;
	classes = {
	};
	objectVersion = 46;
	objects = {

/* Begin PBXBuildFile section */
		2A253243173BB93C009379D6 /* EmojiPageView.m in Sources */ = {isa = PBXBuildFile; fileRef = 2A253242173BB93C009379D6 /* EmojiPageView.m */; };
		2A253246173BB96A009379D6 /* EmojiKeyBoardView.m in Sources */ = {isa = PBXBuildFile; fileRef = 2A253245173BB96A009379D6 /* EmojiKeyBoardView.m */; };
		2A3BC9A3174B5A20001A29AC /* bell_s.png in Resources */ = {isa = PBXBuildFile; fileRef = 2A3BC99D174B5A20001A29AC /* bell_s.png */; };
		2A3BC9A4174B5A20001A29AC /* car_s.png in Resources */ = {isa = PBXBuildFile; fileRef = 2A3BC99E174B5A20001A29AC /* car_s.png */; };
		2A3BC9A5174B5A20001A29AC /* characters_s.png in Resources */ = {isa = PBXBuildFile; fileRef = 2A3BC99F174B5A20001A29AC /* characters_s.png */; };
		2A3BC9A6174B5A20001A29AC /* face_s.png in Resources */ = {isa = PBXBuildFile; fileRef = 2A3BC9A0174B5A20001A29AC /* face_s.png */; };
		2A3BC9A7174B5A20001A29AC /* flower_s.png in Resources */ = {isa = PBXBuildFile; fileRef = 2A3BC9A1174B5A20001A29AC /* flower_s.png */; };
		2A3BC9A8174B5A20001A29AC /* recent_s.png in Resources */ = {isa = PBXBuildFile; fileRef = 2A3BC9A2174B5A20001A29AC /* recent_s.png */; };
		2A3BC9AE174B8718001A29AC /* unselected_center_bg.png in Resources */ = {isa = PBXBuildFile; fileRef = 2A3BC9AD174B8718001A29AC /* unselected_center_bg.png */; };
		2A3BC9B0174B8A6D001A29AC /* icons_bg_separator.png in Resources */ = {isa = PBXBuildFile; fileRef = 2A3BC9AF174B8A6D001A29AC /* icons_bg_separator.png */; };
		2A3BC9BD174C8C3F001A29AC /* bell_n@2x.png in Resources */ = {isa = PBXBuildFile; fileRef = 2A3BC9B1174C8C3C001A29AC /* bell_n@2x.png */; };
		2A3BC9BE174C8C3F001A29AC /* bell_s@2x.png in Resources */ = {isa = PBXBuildFile; fileRef = 2A3BC9B2174C8C3C001A29AC /* bell_s@2x.png */; };
		2A3BC9BF174C8C3F001A29AC /* car_n@2x.png in Resources */ = {isa = PBXBuildFile; fileRef = 2A3BC9B3174C8C3C001A29AC /* car_n@2x.png */; };
		2A3BC9C0174C8C3F001A29AC /* car_s@2x.png in Resources */ = {isa = PBXBuildFile; fileRef = 2A3BC9B4174C8C3D001A29AC /* car_s@2x.png */; };
		2A3BC9C1174C8C3F001A29AC /* characters_n@2x.png in Resources */ = {isa = PBXBuildFile; fileRef = 2A3BC9B5174C8C3D001A29AC /* characters_n@2x.png */; };
		2A3BC9C2174C8C3F001A29AC /* characters_s@2x.png in Resources */ = {isa = PBXBuildFile; fileRef = 2A3BC9B6174C8C3D001A29AC /* characters_s@2x.png */; };
		2A3BC9C3174C8C3F001A29AC /* face_n@2x.png in Resources */ = {isa = PBXBuildFile; fileRef = 2A3BC9B7174C8C3D001A29AC /* face_n@2x.png */; };
		2A3BC9C4174C8C3F001A29AC /* face_s@2x.png in Resources */ = {isa = PBXBuildFile; fileRef = 2A3BC9B8174C8C3E001A29AC /* face_s@2x.png */; };
		2A3BC9C5174C8C3F001A29AC /* flower_n@2x.png in Resources */ = {isa = PBXBuildFile; fileRef = 2A3BC9B9174C8C3F001A29AC /* flower_n@2x.png */; };
		2A3BC9C6174C8C3F001A29AC /* flower_s@2x.png in Resources */ = {isa = PBXBuildFile; fileRef = 2A3BC9BA174C8C3F001A29AC /* flower_s@2x.png */; };
		2A3BC9C7174C8C3F001A29AC /* recent_n@2x.png in Resources */ = {isa = PBXBuildFile; fileRef = 2A3BC9BB174C8C3F001A29AC /* recent_n@2x.png */; };
		2A3BC9C8174C8C3F001A29AC /* recent_s@2x.png in Resources */ = {isa = PBXBuildFile; fileRef = 2A3BC9BC174C8C3F001A29AC /* recent_s@2x.png */; };
		2A3BC9CB174C8F20001A29AC /* tab_bg@2x.png in Resources */ = {isa = PBXBuildFile; fileRef = 2A3BC9C9174C8F1D001A29AC /* tab_bg@2x.png */; };
		2A3BC9CC174C8F20001A29AC /* unselected_center_bg@2x.png in Resources */ = {isa = PBXBuildFile; fileRef = 2A3BC9CA174C8F1F001A29AC /* unselected_center_bg@2x.png */; };
		2A3BC9CF174C8F2B001A29AC /* corner_left@2x.png in Resources */ = {isa = PBXBuildFile; fileRef = 2A3BC9CD174C8F29001A29AC /* corner_left@2x.png */; };
		2A3BC9D0174C8F2B001A29AC /* corner_right@2x.png in Resources */ = {isa = PBXBuildFile; fileRef = 2A3BC9CE174C8F2A001A29AC /* corner_right@2x.png */; };
		2A3BC9D2174C94D4001A29AC /* icons_bg_separator@2x.png in Resources */ = {isa = PBXBuildFile; fileRef = 2A3BC9D1174C94D3001A29AC /* icons_bg_separator@2x.png */; };
		2A3D5E94171EBE42005DC720 /* UIKit.framework in Frameworks */ = {isa = PBXBuildFile; fileRef = 2A3D5E93171EBE42005DC720 /* UIKit.framework */; };
		2A3D5E96171EBE42005DC720 /* Foundation.framework in Frameworks */ = {isa = PBXBuildFile; fileRef = 2A3D5E95171EBE42005DC720 /* Foundation.framework */; };
		2A3D5E98171EBE42005DC720 /* CoreGraphics.framework in Frameworks */ = {isa = PBXBuildFile; fileRef = 2A3D5E97171EBE42005DC720 /* CoreGraphics.framework */; };
		2A3D5E9E171EBE42005DC720 /* InfoPlist.strings in Resources */ = {isa = PBXBuildFile; fileRef = 2A3D5E9C171EBE42005DC720 /* InfoPlist.strings */; };
		2A3D5EA0171EBE42005DC720 /* main.m in Sources */ = {isa = PBXBuildFile; fileRef = 2A3D5E9F171EBE42005DC720 /* main.m */; };
		2A3D5EA4171EBE42005DC720 /* EmojiKeyBoardAppDelegate.m in Sources */ = {isa = PBXBuildFile; fileRef = 2A3D5EA3171EBE42005DC720 /* EmojiKeyBoardAppDelegate.m */; };
		2A3D5EA6171EBE42005DC720 /* Default.png in Resources */ = {isa = PBXBuildFile; fileRef = 2A3D5EA5171EBE42005DC720 /* Default.png */; };
		2A3D5EA8171EBE42005DC720 /* Default@2x.png in Resources */ = {isa = PBXBuildFile; fileRef = 2A3D5EA7171EBE42005DC720 /* Default@2x.png */; };
		2A3D5EAA171EBE42005DC720 /* Default-568h@2x.png in Resources */ = {isa = PBXBuildFile; fileRef = 2A3D5EA9171EBE42005DC720 /* Default-568h@2x.png */; };
		2A3D5EAD171EBE42005DC720 /* EmojiKeyBoardViewController.m in Sources */ = {isa = PBXBuildFile; fileRef = 2A3D5EAC171EBE42005DC720 /* EmojiKeyBoardViewController.m */; };
		2A6EABAF173CDDA6000BCD9B /* EmojisList.plist in Resources */ = {isa = PBXBuildFile; fileRef = 2A6EABAE173CDDA6000BCD9B /* EmojisList.plist */; };
		2A97A0EB1720072400CE222F /* DDPageControl.m in Sources */ = {isa = PBXBuildFile; fileRef = 2A97A0EA1720072400CE222F /* DDPageControl.m */; };
		2ACB3FC9172511AB00918598 /* bell_n.png in Resources */ = {isa = PBXBuildFile; fileRef = 2ACB3FC3172511AB00918598 /* bell_n.png */; };
		2ACB3FCA172511AB00918598 /* car_n.png in Resources */ = {isa = PBXBuildFile; fileRef = 2ACB3FC4172511AB00918598 /* car_n.png */; };
		2ACB3FCB172511AB00918598 /* characters_n.png in Resources */ = {isa = PBXBuildFile; fileRef = 2ACB3FC5172511AB00918598 /* characters_n.png */; };
		2ACB3FCC172511AB00918598 /* face_n.png in Resources */ = {isa = PBXBuildFile; fileRef = 2ACB3FC6172511AB00918598 /* face_n.png */; };
		2ACB3FCD172511AB00918598 /* flower_n.png in Resources */ = {isa = PBXBuildFile; fileRef = 2ACB3FC7172511AB00918598 /* flower_n.png */; };
		2ACB3FCE172511AB00918598 /* recent_n.png in Resources */ = {isa = PBXBuildFile; fileRef = 2ACB3FC8172511AB00918598 /* recent_n.png */; };
		2ACB3FD11725212A00918598 /* corner_left.png in Resources */ = {isa = PBXBuildFile; fileRef = 2ACB3FCF1725212A00918598 /* corner_left.png */; };
		2ACB3FD21725212A00918598 /* corner_right.png in Resources */ = {isa = PBXBuildFile; fileRef = 2ACB3FD01725212A00918598 /* corner_right.png */; };
		2ACB3FD4172523E500918598 /* tab_bg.png in Resources */ = {isa = PBXBuildFile; fileRef = 2ACB3FD3172523E500918598 /* tab_bg.png */; };
/* End PBXBuildFile section */

/* Begin PBXFileReference section */
		2A253241173BB93C009379D6 /* EmojiPageView.h */ = {isa = PBXFileReference; fileEncoding = 4; lastKnownFileType = sourcecode.c.h; path = EmojiPageView.h; sourceTree = "<group>"; };
		2A253242173BB93C009379D6 /* EmojiPageView.m */ = {isa = PBXFileReference; fileEncoding = 4; lastKnownFileType = sourcecode.c.objc; path = EmojiPageView.m; sourceTree = "<group>"; };
		2A253244173BB96A009379D6 /* EmojiKeyBoardView.h */ = {isa = PBXFileReference; fileEncoding = 4; lastKnownFileType = sourcecode.c.h; path = EmojiKeyBoardView.h; sourceTree = "<group>"; };
		2A253245173BB96A009379D6 /* EmojiKeyBoardView.m */ = {isa = PBXFileReference; fileEncoding = 4; lastKnownFileType = sourcecode.c.objc; path = EmojiKeyBoardView.m; sourceTree = "<group>"; };
		2A3BC99D174B5A20001A29AC /* bell_s.png */ = {isa = PBXFileReference; lastKnownFileType = image.png; path = bell_s.png; sourceTree = "<group>"; };
		2A3BC99E174B5A20001A29AC /* car_s.png */ = {isa = PBXFileReference; lastKnownFileType = image.png; path = car_s.png; sourceTree = "<group>"; };
		2A3BC99F174B5A20001A29AC /* characters_s.png */ = {isa = PBXFileReference; lastKnownFileType = image.png; path = characters_s.png; sourceTree = "<group>"; };
		2A3BC9A0174B5A20001A29AC /* face_s.png */ = {isa = PBXFileReference; lastKnownFileType = image.png; path = face_s.png; sourceTree = "<group>"; };
		2A3BC9A1174B5A20001A29AC /* flower_s.png */ = {isa = PBXFileReference; lastKnownFileType = image.png; path = flower_s.png; sourceTree = "<group>"; };
		2A3BC9A2174B5A20001A29AC /* recent_s.png */ = {isa = PBXFileReference; lastKnownFileType = image.png; path = recent_s.png; sourceTree = "<group>"; };
		2A3BC9AD174B8718001A29AC /* unselected_center_bg.png */ = {isa = PBXFileReference; lastKnownFileType = image.png; path = unselected_center_bg.png; sourceTree = "<group>"; };
		2A3BC9AF174B8A6D001A29AC /* icons_bg_separator.png */ = {isa = PBXFileReference; lastKnownFileType = image.png; path = icons_bg_separator.png; sourceTree = "<group>"; };
		2A3BC9B1174C8C3C001A29AC /* bell_n@2x.png */ = {isa = PBXFileReference; lastKnownFileType = image.png; path = "bell_n@2x.png"; sourceTree = "<group>"; };
		2A3BC9B2174C8C3C001A29AC /* bell_s@2x.png */ = {isa = PBXFileReference; lastKnownFileType = image.png; path = "bell_s@2x.png"; sourceTree = "<group>"; };
		2A3BC9B3174C8C3C001A29AC /* car_n@2x.png */ = {isa = PBXFileReference; lastKnownFileType = image.png; path = "car_n@2x.png"; sourceTree = "<group>"; };
		2A3BC9B4174C8C3D001A29AC /* car_s@2x.png */ = {isa = PBXFileReference; lastKnownFileType = image.png; path = "car_s@2x.png"; sourceTree = "<group>"; };
		2A3BC9B5174C8C3D001A29AC /* characters_n@2x.png */ = {isa = PBXFileReference; lastKnownFileType = image.png; path = "characters_n@2x.png"; sourceTree = "<group>"; };
		2A3BC9B6174C8C3D001A29AC /* characters_s@2x.png */ = {isa = PBXFileReference; lastKnownFileType = image.png; path = "characters_s@2x.png"; sourceTree = "<group>"; };
		2A3BC9B7174C8C3D001A29AC /* face_n@2x.png */ = {isa = PBXFileReference; lastKnownFileType = image.png; path = "face_n@2x.png"; sourceTree = "<group>"; };
		2A3BC9B8174C8C3E001A29AC /* face_s@2x.png */ = {isa = PBXFileReference; lastKnownFileType = image.png; path = "face_s@2x.png"; sourceTree = "<group>"; };
		2A3BC9B9174C8C3F001A29AC /* flower_n@2x.png */ = {isa = PBXFileReference; lastKnownFileType = image.png; path = "flower_n@2x.png"; sourceTree = "<group>"; };
		2A3BC9BA174C8C3F001A29AC /* flower_s@2x.png */ = {isa = PBXFileReference; lastKnownFileType = image.png; path = "flower_s@2x.png"; sourceTree = "<group>"; };
		2A3BC9BB174C8C3F001A29AC /* recent_n@2x.png */ = {isa = PBXFileReference; lastKnownFileType = image.png; path = "recent_n@2x.png"; sourceTree = "<group>"; };
		2A3BC9BC174C8C3F001A29AC /* recent_s@2x.png */ = {isa = PBXFileReference; lastKnownFileType = image.png; path = "recent_s@2x.png"; sourceTree = "<group>"; };
		2A3BC9C9174C8F1D001A29AC /* tab_bg@2x.png */ = {isa = PBXFileReference; lastKnownFileType = image.png; path = "tab_bg@2x.png"; sourceTree = "<group>"; };
		2A3BC9CA174C8F1F001A29AC /* unselected_center_bg@2x.png */ = {isa = PBXFileReference; lastKnownFileType = image.png; path = "unselected_center_bg@2x.png"; sourceTree = "<group>"; };
		2A3BC9CD174C8F29001A29AC /* corner_left@2x.png */ = {isa = PBXFileReference; lastKnownFileType = image.png; path = "corner_left@2x.png"; sourceTree = "<group>"; };
		2A3BC9CE174C8F2A001A29AC /* corner_right@2x.png */ = {isa = PBXFileReference; lastKnownFileType = image.png; path = "corner_right@2x.png"; sourceTree = "<group>"; };
		2A3BC9D1174C94D3001A29AC /* icons_bg_separator@2x.png */ = {isa = PBXFileReference; lastKnownFileType = image.png; path = "icons_bg_separator@2x.png"; sourceTree = "<group>"; };
		2A3D5E90171EBE42005DC720 /* EmojiKeyBoard.app */ = {isa = PBXFileReference; explicitFileType = wrapper.application; includeInIndex = 0; path = EmojiKeyBoard.app; sourceTree = BUILT_PRODUCTS_DIR; };
		2A3D5E93171EBE42005DC720 /* UIKit.framework */ = {isa = PBXFileReference; lastKnownFileType = wrapper.framework; name = UIKit.framework; path = System/Library/Frameworks/UIKit.framework; sourceTree = SDKROOT; };
		2A3D5E95171EBE42005DC720 /* Foundation.framework */ = {isa = PBXFileReference; lastKnownFileType = wrapper.framework; name = Foundation.framework; path = System/Library/Frameworks/Foundation.framework; sourceTree = SDKROOT; };
		2A3D5E97171EBE42005DC720 /* CoreGraphics.framework */ = {isa = PBXFileReference; lastKnownFileType = wrapper.framework; name = CoreGraphics.framework; path = System/Library/Frameworks/CoreGraphics.framework; sourceTree = SDKROOT; };
		2A3D5E9B171EBE42005DC720 /* EmojiKeyBoard-Info.plist */ = {isa = PBXFileReference; lastKnownFileType = text.plist.xml; path = "EmojiKeyBoard-Info.plist"; sourceTree = "<group>"; };
		2A3D5E9D171EBE42005DC720 /* en */ = {isa = PBXFileReference; lastKnownFileType = text.plist.strings; name = en; path = en.lproj/InfoPlist.strings; sourceTree = "<group>"; };
		2A3D5E9F171EBE42005DC720 /* main.m */ = {isa = PBXFileReference; lastKnownFileType = sourcecode.c.objc; path = main.m; sourceTree = "<group>"; };
		2A3D5EA1171EBE42005DC720 /* EmojiKeyBoard-Prefix.pch */ = {isa = PBXFileReference; lastKnownFileType = sourcecode.c.h; path = "EmojiKeyBoard-Prefix.pch"; sourceTree = "<group>"; };
		2A3D5EA2171EBE42005DC720 /* EmojiKeyBoardAppDelegate.h */ = {isa = PBXFileReference; lastKnownFileType = sourcecode.c.h; path = EmojiKeyBoardAppDelegate.h; sourceTree = "<group>"; };
		2A3D5EA3171EBE42005DC720 /* EmojiKeyBoardAppDelegate.m */ = {isa = PBXFileReference; lastKnownFileType = sourcecode.c.objc; path = EmojiKeyBoardAppDelegate.m; sourceTree = "<group>"; };
		2A3D5EA5171EBE42005DC720 /* Default.png */ = {isa = PBXFileReference; lastKnownFileType = image.png; path = Default.png; sourceTree = "<group>"; };
		2A3D5EA7171EBE42005DC720 /* Default@2x.png */ = {isa = PBXFileReference; lastKnownFileType = image.png; path = "Default@2x.png"; sourceTree = "<group>"; };
		2A3D5EA9171EBE42005DC720 /* Default-568h@2x.png */ = {isa = PBXFileReference; lastKnownFileType = image.png; path = "Default-568h@2x.png"; sourceTree = "<group>"; };
		2A3D5EAB171EBE42005DC720 /* EmojiKeyBoardViewController.h */ = {isa = PBXFileReference; lastKnownFileType = sourcecode.c.h; path = EmojiKeyBoardViewController.h; sourceTree = "<group>"; };
		2A3D5EAC171EBE42005DC720 /* EmojiKeyBoardViewController.m */ = {isa = PBXFileReference; lastKnownFileType = sourcecode.c.objc; path = EmojiKeyBoardViewController.m; sourceTree = "<group>"; };
		2A6EABAE173CDDA6000BCD9B /* EmojisList.plist */ = {isa = PBXFileReference; fileEncoding = 4; lastKnownFileType = text.plist.xml; path = EmojisList.plist; sourceTree = "<group>"; };
		2A97A0E91720072400CE222F /* DDPageControl.h */ = {isa = PBXFileReference; fileEncoding = 4; lastKnownFileType = sourcecode.c.h; path = DDPageControl.h; sourceTree = "<group>"; };
		2A97A0EA1720072400CE222F /* DDPageControl.m */ = {isa = PBXFileReference; fileEncoding = 4; lastKnownFileType = sourcecode.c.objc; path = DDPageControl.m; sourceTree = "<group>"; };
		2ACB3FC3172511AB00918598 /* bell_n.png */ = {isa = PBXFileReference; lastKnownFileType = image.png; path = bell_n.png; sourceTree = "<group>"; };
		2ACB3FC4172511AB00918598 /* car_n.png */ = {isa = PBXFileReference; lastKnownFileType = image.png; path = car_n.png; sourceTree = "<group>"; };
		2ACB3FC5172511AB00918598 /* characters_n.png */ = {isa = PBXFileReference; lastKnownFileType = image.png; path = characters_n.png; sourceTree = "<group>"; };
		2ACB3FC6172511AB00918598 /* face_n.png */ = {isa = PBXFileReference; lastKnownFileType = image.png; path = face_n.png; sourceTree = "<group>"; };
		2ACB3FC7172511AB00918598 /* flower_n.png */ = {isa = PBXFileReference; lastKnownFileType = image.png; path = flower_n.png; sourceTree = "<group>"; };
		2ACB3FC8172511AB00918598 /* recent_n.png */ = {isa = PBXFileReference; lastKnownFileType = image.png; path = recent_n.png; sourceTree = "<group>"; };
		2ACB3FCF1725212A00918598 /* corner_left.png */ = {isa = PBXFileReference; lastKnownFileType = image.png; path = corner_left.png; sourceTree = "<group>"; };
		2ACB3FD01725212A00918598 /* corner_right.png */ = {isa = PBXFileReference; lastKnownFileType = image.png; path = corner_right.png; sourceTree = "<group>"; };
		2ACB3FD3172523E500918598 /* tab_bg.png */ = {isa = PBXFileReference; lastKnownFileType = image.png; path = tab_bg.png; sourceTree = "<group>"; };
/* End PBXFileReference section */

/* Begin PBXFrameworksBuildPhase section */
		2A3D5E8D171EBE42005DC720 /* Frameworks */ = {
			isa = PBXFrameworksBuildPhase;
			buildActionMask = 2147483647;
			files = (
				2A3D5E94171EBE42005DC720 /* UIKit.framework in Frameworks */,
				2A3D5E96171EBE42005DC720 /* Foundation.framework in Frameworks */,
				2A3D5E98171EBE42005DC720 /* CoreGraphics.framework in Frameworks */,
			);
			runOnlyForDeploymentPostprocessing = 0;
		};
/* End PBXFrameworksBuildPhase section */

/* Begin PBXGroup section */
		2A3D5E87171EBE42005DC720 = {
			isa = PBXGroup;
			children = (
				2A3D5E99171EBE42005DC720 /* EmojiKeyBoard */,
				2A3D5E92171EBE42005DC720 /* Frameworks */,
				2A3D5E91171EBE42005DC720 /* Products */,
			);
			sourceTree = "<group>";
		};
		2A3D5E91171EBE42005DC720 /* Products */ = {
			isa = PBXGroup;
			children = (
				2A3D5E90171EBE42005DC720 /* EmojiKeyBoard.app */,
			);
			name = Products;
			sourceTree = "<group>";
		};
		2A3D5E92171EBE42005DC720 /* Frameworks */ = {
			isa = PBXGroup;
			children = (
				2A3D5E93171EBE42005DC720 /* UIKit.framework */,
				2A3D5E95171EBE42005DC720 /* Foundation.framework */,
				2A3D5E97171EBE42005DC720 /* CoreGraphics.framework */,
			);
			name = Frameworks;
			sourceTree = "<group>";
		};
		2A3D5E99171EBE42005DC720 /* EmojiKeyBoard */ = {
			isa = PBXGroup;
			children = (
				2A3D5EA2171EBE42005DC720 /* EmojiKeyBoardAppDelegate.h */,
				2A3D5EA3171EBE42005DC720 /* EmojiKeyBoardAppDelegate.m */,
				2A3D5EAB171EBE42005DC720 /* EmojiKeyBoardViewController.h */,
				2A3D5EAC171EBE42005DC720 /* EmojiKeyBoardViewController.m */,
				2A253244173BB96A009379D6 /* EmojiKeyBoardView.h */,
				2A253245173BB96A009379D6 /* EmojiKeyBoardView.m */,
				2A253241173BB93C009379D6 /* EmojiPageView.h */,
				2A253242173BB93C009379D6 /* EmojiPageView.m */,
				2A3D5E9A171EBE42005DC720 /* Supporting Files */,
				2ACB3FBA1721274200918598 /* Assets */,
			);
			path = EmojiKeyBoard;
			sourceTree = "<group>";
		};
		2A3D5E9A171EBE42005DC720 /* Supporting Files */ = {
			isa = PBXGroup;
			children = (
				2A6EABAE173CDDA6000BCD9B /* EmojisList.plist */,
				2A3D5E9B171EBE42005DC720 /* EmojiKeyBoard-Info.plist */,
				2A3D5E9C171EBE42005DC720 /* InfoPlist.strings */,
				2A3D5E9F171EBE42005DC720 /* main.m */,
				2A3D5EA1171EBE42005DC720 /* EmojiKeyBoard-Prefix.pch */,
				2A3D5EA5171EBE42005DC720 /* Default.png */,
				2A3D5EA7171EBE42005DC720 /* Default@2x.png */,
				2A3D5EA9171EBE42005DC720 /* Default-568h@2x.png */,
				2A97A0E91720072400CE222F /* DDPageControl.h */,
				2A97A0EA1720072400CE222F /* DDPageControl.m */,
			);
			name = "Supporting Files";
			sourceTree = "<group>";
		};
		2ACB3FBA1721274200918598 /* Assets */ = {
			isa = PBXGroup;
			children = (
				2ACB3FC8172511AB00918598 /* recent_n.png */,
				2A3BC9BB174C8C3F001A29AC /* recent_n@2x.png */,
				2A3BC9A2174B5A20001A29AC /* recent_s.png */,
				2A3BC9BC174C8C3F001A29AC /* recent_s@2x.png */,
				2ACB3FC6172511AB00918598 /* face_n.png */,
				2A3BC9B7174C8C3D001A29AC /* face_n@2x.png */,
				2A3BC9A0174B5A20001A29AC /* face_s.png */,
				2A3BC9B8174C8C3E001A29AC /* face_s@2x.png */,
				2ACB3FC3172511AB00918598 /* bell_n.png */,
				2A3BC9B1174C8C3C001A29AC /* bell_n@2x.png */,
				2A3BC99D174B5A20001A29AC /* bell_s.png */,
				2A3BC9B2174C8C3C001A29AC /* bell_s@2x.png */,
				2ACB3FC7172511AB00918598 /* flower_n.png */,
				2A3BC9B9174C8C3F001A29AC /* flower_n@2x.png */,
				2A3BC9A1174B5A20001A29AC /* flower_s.png */,
				2A3BC9BA174C8C3F001A29AC /* flower_s@2x.png */,
				2ACB3FC4172511AB00918598 /* car_n.png */,
				2A3BC9B3174C8C3C001A29AC /* car_n@2x.png */,
				2A3BC99E174B5A20001A29AC /* car_s.png */,
				2A3BC9B4174C8C3D001A29AC /* car_s@2x.png */,
				2ACB3FC5172511AB00918598 /* characters_n.png */,
				2A3BC9B5174C8C3D001A29AC /* characters_n@2x.png */,
				2A3BC99F174B5A20001A29AC /* characters_s.png */,
				2A3BC9B6174C8C3D001A29AC /* characters_s@2x.png */,
				2ACB3FCF1725212A00918598 /* corner_left.png */,
				2A3BC9CD174C8F29001A29AC /* corner_left@2x.png */,
				2ACB3FD01725212A00918598 /* corner_right.png */,
				2A3BC9CE174C8F2A001A29AC /* corner_right@2x.png */,
				2ACB3FD3172523E500918598 /* tab_bg.png */,
				2A3BC9C9174C8F1D001A29AC /* tab_bg@2x.png */,
				2A3BC9AF174B8A6D001A29AC /* icons_bg_separator.png */,
				2A3BC9D1174C94D3001A29AC /* icons_bg_separator@2x.png */,
				2A3BC9AD174B8718001A29AC /* unselected_center_bg.png */,
				2A3BC9CA174C8F1F001A29AC /* unselected_center_bg@2x.png */,
			);
			name = Assets;
			sourceTree = "<group>";
		};
/* End PBXGroup section */

/* Begin PBXNativeTarget section */
		2A3D5E8F171EBE42005DC720 /* EmojiKeyBoard */ = {
			isa = PBXNativeTarget;
			buildConfigurationList = 2A3D5EB3171EBE42005DC720 /* Build configuration list for PBXNativeTarget "EmojiKeyBoard" */;
			buildPhases = (
				2A3D5E8C171EBE42005DC720 /* Sources */,
				2A3D5E8D171EBE42005DC720 /* Frameworks */,
				2A3D5E8E171EBE42005DC720 /* Resources */,
			);
			buildRules = (
			);
			dependencies = (
			);
			name = EmojiKeyBoard;
			productName = EmojiKeyBoard;
			productReference = 2A3D5E90171EBE42005DC720 /* EmojiKeyBoard.app */;
			productType = "com.apple.product-type.application";
		};
/* End PBXNativeTarget section */

/* Begin PBXProject section */
		2A3D5E88171EBE42005DC720 /* Project object */ = {
			isa = PBXProject;
			attributes = {
				CLASSPREFIX = EmojiKeyBoard;
				LastUpgradeCheck = 0460;
				ORGANIZATIONNAME = Ayush;
			};
			buildConfigurationList = 2A3D5E8B171EBE42005DC720 /* Build configuration list for PBXProject "EmojiKeyBoard" */;
			compatibilityVersion = "Xcode 3.2";
			developmentRegion = English;
			hasScannedForEncodings = 0;
			knownRegions = (
				en,
			);
			mainGroup = 2A3D5E87171EBE42005DC720;
			productRefGroup = 2A3D5E91171EBE42005DC720 /* Products */;
			projectDirPath = "";
			projectRoot = "";
			targets = (
				2A3D5E8F171EBE42005DC720 /* EmojiKeyBoard */,
			);
		};
/* End PBXProject section */

/* Begin PBXResourcesBuildPhase section */
		2A3D5E8E171EBE42005DC720 /* Resources */ = {
			isa = PBXResourcesBuildPhase;
			buildActionMask = 2147483647;
			files = (
				2A3D5E9E171EBE42005DC720 /* InfoPlist.strings in Resources */,
				2A3D5EA6171EBE42005DC720 /* Default.png in Resources */,
				2A3D5EA8171EBE42005DC720 /* Default@2x.png in Resources */,
				2A3D5EAA171EBE42005DC720 /* Default-568h@2x.png in Resources */,
				2ACB3FC9172511AB00918598 /* bell_n.png in Resources */,
				2ACB3FCA172511AB00918598 /* car_n.png in Resources */,
				2ACB3FCB172511AB00918598 /* characters_n.png in Resources */,
				2ACB3FCC172511AB00918598 /* face_n.png in Resources */,
				2ACB3FCD172511AB00918598 /* flower_n.png in Resources */,
				2ACB3FCE172511AB00918598 /* recent_n.png in Resources */,
				2ACB3FD11725212A00918598 /* corner_left.png in Resources */,
				2ACB3FD21725212A00918598 /* corner_right.png in Resources */,
				2ACB3FD4172523E500918598 /* tab_bg.png in Resources */,
				2A6EABAF173CDDA6000BCD9B /* EmojisList.plist in Resources */,
				2A3BC9A3174B5A20001A29AC /* bell_s.png in Resources */,
				2A3BC9A4174B5A20001A29AC /* car_s.png in Resources */,
				2A3BC9A5174B5A20001A29AC /* characters_s.png in Resources */,
				2A3BC9A6174B5A20001A29AC /* face_s.png in Resources */,
				2A3BC9A7174B5A20001A29AC /* flower_s.png in Resources */,
				2A3BC9A8174B5A20001A29AC /* recent_s.png in Resources */,
				2A3BC9AE174B8718001A29AC /* unselected_center_bg.png in Resources */,
				2A3BC9B0174B8A6D001A29AC /* icons_bg_separator.png in Resources */,
				2A3BC9BD174C8C3F001A29AC /* bell_n@2x.png in Resources */,
				2A3BC9BE174C8C3F001A29AC /* bell_s@2x.png in Resources */,
				2A3BC9BF174C8C3F001A29AC /* car_n@2x.png in Resources */,
				2A3BC9C0174C8C3F001A29AC /* car_s@2x.png in Resources */,
				2A3BC9C1174C8C3F001A29AC /* characters_n@2x.png in Resources */,
				2A3BC9C2174C8C3F001A29AC /* characters_s@2x.png in Resources */,
				2A3BC9C3174C8C3F001A29AC /* face_n@2x.png in Resources */,
				2A3BC9C4174C8C3F001A29AC /* face_s@2x.png in Resources */,
				2A3BC9C5174C8C3F001A29AC /* flower_n@2x.png in Resources */,
				2A3BC9C6174C8C3F001A29AC /* flower_s@2x.png in Resources */,
				2A3BC9C7174C8C3F001A29AC /* recent_n@2x.png in Resources */,
				2A3BC9C8174C8C3F001A29AC /* recent_s@2x.png in Resources */,
				2A3BC9CB174C8F20001A29AC /* tab_bg@2x.png in Resources */,
				2A3BC9CC174C8F20001A29AC /* unselected_center_bg@2x.png in Resources */,
				2A3BC9CF174C8F2B001A29AC /* corner_left@2x.png in Resources */,
				2A3BC9D0174C8F2B001A29AC /* corner_right@2x.png in Resources */,
				2A3BC9D2174C94D4001A29AC /* icons_bg_separator@2x.png in Resources */,
			);
			runOnlyForDeploymentPostprocessing = 0;
		};
/* End PBXResourcesBuildPhase section */

/* Begin PBXSourcesBuildPhase section */
		2A3D5E8C171EBE42005DC720 /* Sources */ = {
			isa = PBXSourcesBuildPhase;
			buildActionMask = 2147483647;
			files = (
				2A3D5EA0171EBE42005DC720 /* main.m in Sources */,
				2A3D5EA4171EBE42005DC720 /* EmojiKeyBoardAppDelegate.m in Sources */,
				2A3D5EAD171EBE42005DC720 /* EmojiKeyBoardViewController.m in Sources */,
				2A97A0EB1720072400CE222F /* DDPageControl.m in Sources */,
				2A253243173BB93C009379D6 /* EmojiPageView.m in Sources */,
				2A253246173BB96A009379D6 /* EmojiKeyBoardView.m in Sources */,
			);
			runOnlyForDeploymentPostprocessing = 0;
		};
/* End PBXSourcesBuildPhase section */

/* Begin PBXVariantGroup section */
		2A3D5E9C171EBE42005DC720 /* InfoPlist.strings */ = {
			isa = PBXVariantGroup;
			children = (
				2A3D5E9D171EBE42005DC720 /* en */,
			);
			name = InfoPlist.strings;
			sourceTree = "<group>";
		};
/* End PBXVariantGroup section */

/* Begin XCBuildConfiguration section */
		2A3D5EB1171EBE42005DC720 /* Debug */ = {
			isa = XCBuildConfiguration;
			buildSettings = {
				ALWAYS_SEARCH_USER_PATHS = NO;
				CLANG_CXX_LANGUAGE_STANDARD = "gnu++0x";
				CLANG_CXX_LIBRARY = "libc++";
				CLANG_WARN_CONSTANT_CONVERSION = YES;
				CLANG_WARN_EMPTY_BODY = YES;
				CLANG_WARN_ENUM_CONVERSION = YES;
				CLANG_WARN_INT_CONVERSION = YES;
				CLANG_WARN__DUPLICATE_METHOD_MATCH = YES;
				"CODE_SIGN_IDENTITY[sdk=iphoneos*]" = "iPhone Developer";
				COPY_PHASE_STRIP = NO;
				GCC_C_LANGUAGE_STANDARD = gnu99;
				GCC_DYNAMIC_NO_PIC = NO;
				GCC_OPTIMIZATION_LEVEL = 0;
				GCC_PREPROCESSOR_DEFINITIONS = (
					"DEBUG=1",
					"$(inherited)",
				);
				GCC_SYMBOLS_PRIVATE_EXTERN = NO;
				GCC_WARN_ABOUT_RETURN_TYPE = YES;
				GCC_WARN_UNINITIALIZED_AUTOS = YES;
				GCC_WARN_UNUSED_VARIABLE = YES;
				IPHONEOS_DEPLOYMENT_TARGET = 6.1;
				ONLY_ACTIVE_ARCH = YES;
				SDKROOT = iphoneos;
			};
			name = Debug;
		};
		2A3D5EB2171EBE42005DC720 /* Release */ = {
			isa = XCBuildConfiguration;
			buildSettings = {
				ALWAYS_SEARCH_USER_PATHS = NO;
				CLANG_CXX_LANGUAGE_STANDARD = "gnu++0x";
				CLANG_CXX_LIBRARY = "libc++";
				CLANG_WARN_CONSTANT_CONVERSION = YES;
				CLANG_WARN_EMPTY_BODY = YES;
				CLANG_WARN_ENUM_CONVERSION = YES;
				CLANG_WARN_INT_CONVERSION = YES;
				CLANG_WARN__DUPLICATE_METHOD_MATCH = YES;
				"CODE_SIGN_IDENTITY[sdk=iphoneos*]" = "iPhone Developer";
				COPY_PHASE_STRIP = YES;
				GCC_C_LANGUAGE_STANDARD = gnu99;
				GCC_WARN_ABOUT_RETURN_TYPE = YES;
				GCC_WARN_UNINITIALIZED_AUTOS = YES;
				GCC_WARN_UNUSED_VARIABLE = YES;
				IPHONEOS_DEPLOYMENT_TARGET = 6.1;
				OTHER_CFLAGS = "-DNS_BLOCK_ASSERTIONS=1";
				SDKROOT = iphoneos;
				VALIDATE_PRODUCT = YES;
			};
			name = Release;
		};
		2A3D5EB4171EBE42005DC720 /* Debug */ = {
			isa = XCBuildConfiguration;
			buildSettings = {
				GCC_PRECOMPILE_PREFIX_HEADER = YES;
				GCC_PREFIX_HEADER = "EmojiKeyBoard/EmojiKeyBoard-Prefix.pch";
				INFOPLIST_FILE = "EmojiKeyBoard/EmojiKeyBoard-Info.plist";
				IPHONEOS_DEPLOYMENT_TARGET = 5.0;
				PRODUCT_NAME = "$(TARGET_NAME)";
				WRAPPER_EXTENSION = app;
			};
			name = Debug;
		};
		2A3D5EB5171EBE42005DC720 /* Release */ = {
			isa = XCBuildConfiguration;
			buildSettings = {
				GCC_PRECOMPILE_PREFIX_HEADER = YES;
				GCC_PREFIX_HEADER = "EmojiKeyBoard/EmojiKeyBoard-Prefix.pch";
				INFOPLIST_FILE = "EmojiKeyBoard/EmojiKeyBoard-Info.plist";
				IPHONEOS_DEPLOYMENT_TARGET = 5.0;
				PRODUCT_NAME = "$(TARGET_NAME)";
				WRAPPER_EXTENSION = app;
			};
			name = Release;
		};
/* End XCBuildConfiguration section */

/* Begin XCConfigurationList section */
		2A3D5E8B171EBE42005DC720 /* Build configuration list for PBXProject "EmojiKeyBoard" */ = {
			isa = XCConfigurationList;
			buildConfigurations = (
				2A3D5EB1171EBE42005DC720 /* Debug */,
				2A3D5EB2171EBE42005DC720 /* Release */,
			);
			defaultConfigurationIsVisible = 0;
			defaultConfigurationName = Release;
		};
		2A3D5EB3171EBE42005DC720 /* Build configuration list for PBXNativeTarget "EmojiKeyBoard" */ = {
			isa = XCConfigurationList;
			buildConfigurations = (
				2A3D5EB4171EBE42005DC720 /* Debug */,
				2A3D5EB5171EBE42005DC720 /* Release */,
			);
			defaultConfigurationIsVisible = 0;
			defaultConfigurationName = Release;
		};
/* End XCConfigurationList section */
	};
	rootObject = 2A3D5E88171EBE42005DC720 /* Project object */;
}
